
Microsoft Visual Studio Solution File, Format Version 12.00
# Visual Studio Version 16
VisualStudioVersion = 16.0.30907.101
MinimumVisualStudioVersion = 10.0.40219.1
Project("{FAE04EC0-301F-11D3-BF4B-00C04F79EFBC}") = "RiverMan", "RiverMan.csproj", "{A17406C3-5231-4349-9A23-81814EAB28A8}"
EndProject
Global
	GlobalSection(SolutionConfigurationPlatforms) = preSolution
		Debug|Any CPU = Debug|Any CPU
		Release|Any CPU = Release|Any CPU
	EndGlobalSection
	GlobalSection(ProjectConfigurationPlatforms) = postSolution
		{A17406C3-5231-4349-9A23-81814EAB28A8}.Debug|Any CPU.ActiveCfg = Debug|Any CPU
		{A17406C3-5231-4349-9A23-81814EAB28A8}.Debug|Any CPU.Build.0 = Debug|Any CPU
		{A17406C3-5231-4349-9A23-81814EAB28A8}.Release|Any CPU.ActiveCfg = Release|Any CPU
		{A17406C3-5231-4349-9A23-81814EAB28A8}.Release|Any CPU.Build.0 = Release|Any CPU
	EndGlobalSection
	GlobalSection(SolutionProperties) = preSolution
		HideSolutionNode = FALSE
	EndGlobalSection
	GlobalSection(ExtensibilityGlobals) = postSolution
		SolutionGuid = {B169B7D9-1D02-43B3-8AD2-5F19538CB11F}
	EndGlobalSection
EndGlobal
